// !$*UTF8*$!
{
	archiveVersion = 1;
	classes = {
	};
	objectVersion = 56;
	objects = {

/* Begin PBXBuildFile section */
		2C6CDE9529DA4573005471AD /* Hike.swift in Sources */ = {isa = PBXBuildFile; fileRef = 2C6CDE9429DA4573005471AD /* Hike.swift */; };
		2C72F1FB29D90AEC00990595 /* HikingApp.swift in Sources */ = {isa = PBXBuildFile; fileRef = 2C72F1FA29D90AEC00990595 /* HikingApp.swift */; };
		2C72F1FD29D90AEC00990595 /* ContentView.swift in Sources */ = {isa = PBXBuildFile; fileRef = 2C72F1FC29D90AEC00990595 /* ContentView.swift */; };
		2C72F1FF29D90AEF00990595 /* Assets.xcassets in Resources */ = {isa = PBXBuildFile; fileRef = 2C72F1FE29D90AEF00990595 /* Assets.xcassets */; };
		2C72F20229D90AEF00990595 /* Preview Assets.xcassets in Resources */ = {isa = PBXBuildFile; fileRef = 2C72F20129D90AEF00990595 /* Preview Assets.xcassets */; };
		2C72F20C29D90AEF00990595 /* HikingTests.swift in Sources */ = {isa = PBXBuildFile; fileRef = 2C72F20B29D90AEF00990595 /* HikingTests.swift */; };
		2C72F21629D90AEF00990595 /* HikingUITests.swift in Sources */ = {isa = PBXBuildFile; fileRef = 2C72F21529D90AEF00990595 /* HikingUITests.swift */; };
		2C72F21829D90AEF00990595 /* HikingUITestsLaunchTests.swift in Sources */ = {isa = PBXBuildFile; fileRef = 2C72F21729D90AEF00990595 /* HikingUITestsLaunchTests.swift */; };
/* End PBXBuildFile section */

/* Begin PBXContainerItemProxy section */
		2C72F20829D90AEF00990595 /* PBXContainerItemProxy */ = {
			isa = PBXContainerItemProxy;
			containerPortal = 2C72F1EF29D90AEC00990595 /* Project object */;
			proxyType = 1;
			remoteGlobalIDString = 2C72F1F629D90AEC00990595;
			remoteInfo = Hiking;
		};
		2C72F21229D90AEF00990595 /* PBXContainerItemProxy */ = {
			isa = PBXContainerItemProxy;
			containerPortal = 2C72F1EF29D90AEC00990595 /* Project object */;
			proxyType = 1;
			remoteGlobalIDString = 2C72F1F629D90AEC00990595;
			remoteInfo = Hiking;
		};
/* End PBXContainerItemProxy section */

/* Begin PBXFileReference section */
		2C6CDE9429DA4573005471AD /* Hike.swift */ = {isa = PBXFileReference; lastKnownFileType = sourcecode.swift; path = Hike.swift; sourceTree = "<group>"; };
		2C72F1F729D90AEC00990595 /* Hiking.app */ = {isa = PBXFileReference; explicitFileType = wrapper.application; includeInIndex = 0; path = Hiking.app; sourceTree = BUILT_PRODUCTS_DIR; };
		2C72F1FA29D90AEC00990595 /* HikingApp.swift */ = {isa = PBXFileReference; lastKnownFileType = sourcecode.swift; path = HikingApp.swift; sourceTree = "<group>"; };
		2C72F1FC29D90AEC00990595 /* ContentView.swift */ = {isa = PBXFileReference; lastKnownFileType = sourcecode.swift; path = ContentView.swift; sourceTree = "<group>"; };
		2C72F1FE29D90AEF00990595 /* Assets.xcassets */ = {isa = PBXFileReference; lastKnownFileType = folder.assetcatalog; path = Assets.xcassets; sourceTree = "<group>"; };
		2C72F20129D90AEF00990595 /* Preview Assets.xcassets */ = {isa = PBXFileReference; lastKnownFileType = folder.assetcatalog; path = "Preview Assets.xcassets"; sourceTree = "<group>"; };
		2C72F20729D90AEF00990595 /* HikingTests.xctest */ = {isa = PBXFileReference; explicitFileType = wrapper.cfbundle; includeInIndex = 0; path = HikingTests.xctest; sourceTree = BUILT_PRODUCTS_DIR; };
		2C72F20B29D90AEF00990595 /* HikingTests.swift */ = {isa = PBXFileReference; lastKnownFileType = sourcecode.swift; path = HikingTests.swift; sourceTree = "<group>"; };
		2C72F21129D90AEF00990595 /* HikingUITests.xctest */ = {isa = PBXFileReference; explicitFileType = wrapper.cfbundle; includeInIndex = 0; path = HikingUITests.xctest; sourceTree = BUILT_PRODUCTS_DIR; };
		2C72F21529D90AEF00990595 /* HikingUITests.swift */ = {isa = PBXFileReference; lastKnownFileType = sourcecode.swift; path = HikingUITests.swift; sourceTree = "<group>"; };
		2C72F21729D90AEF00990595 /* HikingUITestsLaunchTests.swift */ = {isa = PBXFileReference; lastKnownFileType = sourcecode.swift; path = HikingUITestsLaunchTests.swift; sourceTree = "<group>"; };
/* End PBXFileReference section */

/* Begin PBXFrameworksBuildPhase section */
		2C72F1F429D90AEC00990595 /* Frameworks */ = {
			isa = PBXFrameworksBuildPhase;
			buildActionMask = 2147483647;
			files = (
			);
			runOnlyForDeploymentPostprocessing = 0;
		};
		2C72F20429D90AEF00990595 /* Frameworks */ = {
			isa = PBXFrameworksBuildPhase;
			buildActionMask = 2147483647;
			files = (
			);
			runOnlyForDeploymentPostprocessing = 0;
		};
		2C72F20E29D90AEF00990595 /* Frameworks */ = {
			isa = PBXFrameworksBuildPhase;
			buildActionMask = 2147483647;
			files = (
			);
			runOnlyForDeploymentPostprocessing = 0;
		};
/* End PBXFrameworksBuildPhase section */

/* Begin PBXGroup section */
		2C6CDE9329DA4545005471AD /* Model */ = {
			isa = PBXGroup;
			children = (
				2C6CDE9429DA4573005471AD /* Hike.swift */,
			);
			path = Model;
			sourceTree = "<group>";
		};
		2C72F1EE29D90AEC00990595 = {
			isa = PBXGroup;
			children = (
				2C72F1F929D90AEC00990595 /* Hiking */,
				2C72F20A29D90AEF00990595 /* HikingTests */,
				2C72F21429D90AEF00990595 /* HikingUITests */,
				2C72F1F829D90AEC00990595 /* Products */,
			);
			sourceTree = "<group>";
		};
		2C72F1F829D90AEC00990595 /* Products */ = {
			isa = PBXGroup;
			children = (
				2C72F1F729D90AEC00990595 /* Hiking.app */,
				2C72F20729D90AEF00990595 /* HikingTests.xctest */,
				2C72F21129D90AEF00990595 /* HikingUITests.xctest */,
			);
			name = Products;
			sourceTree = "<group>";
		};
		2C72F1F929D90AEC00990595 /* Hiking */ = {
			isa = PBXGroup;
			children = (
				2C6CDE9329DA4545005471AD /* Model */,
				2C72F1FA29D90AEC00990595 /* HikingApp.swift */,
				2C72F1FC29D90AEC00990595 /* ContentView.swift */,
				2C72F1FE29D90AEF00990595 /* Assets.xcassets */,
				2C72F20029D90AEF00990595 /* Preview Content */,
			);
			path = Hiking;
			sourceTree = "<group>";
		};
		2C72F20029D90AEF00990595 /* Preview Content */ = {
			isa = PBXGroup;
			children = (
				2C72F20129D90AEF00990595 /* Preview Assets.xcassets */,
			);
			path = "Preview Content";
			sourceTree = "<group>";
		};
		2C72F20A29D90AEF00990595 /* HikingTests */ = {
			isa = PBXGroup;
			children = (
				2C72F20B29D90AEF00990595 /* HikingTests.swift */,
			);
			path = HikingTests;
			sourceTree = "<group>";
		};
		2C72F21429D90AEF00990595 /* HikingUITests */ = {
			isa = PBXGroup;
			children = (
				2C72F21529D90AEF00990595 /* HikingUITests.swift */,
				2C72F21729D90AEF00990595 /* HikingUITestsLaunchTests.swift */,
			);
			path = HikingUITests;
			sourceTree = "<group>";
		};
/* End PBXGroup section */

/* Begin PBXNativeTarget section */
		2C72F1F629D90AEC00990595 /* Hiking */ = {
			isa = PBXNativeTarget;
			buildConfigurationList = 2C72F21B29D90AEF00990595 /* Build configuration list for PBXNativeTarget "Hiking" */;
			buildPhases = (
				2C72F1F329D90AEC00990595 /* Sources */,
				2C72F1F429D90AEC00990595 /* Frameworks */,
				2C72F1F529D90AEC00990595 /* Resources */,
			);
			buildRules = (
			);
			dependencies = (
			);
			name = Hiking;
			productName = Hiking;
			productReference = 2C72F1F729D90AEC00990595 /* Hiking.app */;
			productType = "com.apple.product-type.application";
		};
		2C72F20629D90AEF00990595 /* HikingTests */ = {
			isa = PBXNativeTarget;
			buildConfigurationList = 2C72F21E29D90AEF00990595 /* Build configuration list for PBXNativeTarget "HikingTests" */;
			buildPhases = (
				2C72F20329D90AEF00990595 /* Sources */,
				2C72F20429D90AEF00990595 /* Frameworks */,
				2C72F20529D90AEF00990595 /* Resources */,
			);
			buildRules = (
			);
			dependencies = (
				2C72F20929D90AEF00990595 /* PBXTargetDependency */,
			);
			name = HikingTests;
			productName = HikingTests;
			productReference = 2C72F20729D90AEF00990595 /* HikingTests.xctest */;
			productType = "com.apple.product-type.bundle.unit-test";
		};
		2C72F21029D90AEF00990595 /* HikingUITests */ = {
			isa = PBXNativeTarget;
			buildConfigurationList = 2C72F22129D90AEF00990595 /* Build configuration list for PBXNativeTarget "HikingUITests" */;
			buildPhases = (
				2C72F20D29D90AEF00990595 /* Sources */,
				2C72F20E29D90AEF00990595 /* Frameworks */,
				2C72F20F29D90AEF00990595 /* Resources */,
			);
			buildRules = (
			);
			dependencies = (
				2C72F21329D90AEF00990595 /* PBXTargetDependency */,
			);
			name = HikingUITests;
			productName = HikingUITests;
			productReference = 2C72F21129D90AEF00990595 /* HikingUITests.xctest */;
			productType = "com.apple.product-type.bundle.ui-testing";
		};
/* End PBXNativeTarget section */

/* Begin PBXProject section */
		2C72F1EF29D90AEC00990595 /* Project object */ = {
			isa = PBXProject;
			attributes = {
				BuildIndependentTargetsInParallel = 1;
				LastSwiftUpdateCheck = 1420;
				LastUpgradeCheck = 1420;
				TargetAttributes = {
					2C72F1F629D90AEC00990595 = {
						CreatedOnToolsVersion = 14.2;
					};
					2C72F20629D90AEF00990595 = {
						CreatedOnToolsVersion = 14.2;
						TestTargetID = 2C72F1F629D90AEC00990595;
					};
					2C72F21029D90AEF00990595 = {
						CreatedOnToolsVersion = 14.2;
						TestTargetID = 2C72F1F629D90AEC00990595;
					};
				};
			};
			buildConfigurationList = 2C72F1F229D90AEC00990595 /* Build configuration list for PBXProject "Hiking" */;
			compatibilityVersion = "Xcode 14.0";
			developmentRegion = en;
			hasScannedForEncodings = 0;
			knownRegions = (
				en,
				Base,
			);
			mainGroup = 2C72F1EE29D90AEC00990595;
			productRefGroup = 2C72F1F829D90AEC00990595 /* Products */;
			projectDirPath = "";
			projectRoot = "";
			targets = (
				2C72F1F629D90AEC00990595 /* Hiking */,
				2C72F20629D90AEF00990595 /* HikingTests */,
				2C72F21029D90AEF00990595 /* HikingUITests */,
			);
		};
/* End PBXProject section */

/* Begin PBXResourcesBuildPhase section */
		2C72F1F529D90AEC00990595 /* Resources */ = {
			isa = PBXResourcesBuildPhase;
			buildActionMask = 2147483647;
			files = (
				2C72F20229D90AEF00990595 /* Preview Assets.xcassets in Resources */,
				2C72F1FF29D90AEF00990595 /* Assets.xcassets in Resources */,
			);
			runOnlyForDeploymentPostprocessing = 0;
		};
		2C72F20529D90AEF00990595 /* Resources */ = {
			isa = PBXResourcesBuildPhase;
			buildActionMask = 2147483647;
			files = (
			);
			runOnlyForDeploymentPostprocessing = 0;
		};
		2C72F20F29D90AEF00990595 /* Resources */ = {
			isa = PBXResourcesBuildPhase;
			buildActionMask = 2147483647;
			files = (
			);
			runOnlyForDeploymentPostprocessing = 0;
		};
/* End PBXResourcesBuildPhase section */

/* Begin PBXSourcesBuildPhase section */
		2C72F1F329D90AEC00990595 /* Sources */ = {
			isa = PBXSourcesBuildPhase;
			buildActionMask = 2147483647;
			files = (
				2C72F1FD29D90AEC00990595 /* ContentView.swift in Sources */,
				2C72F1FB29D90AEC00990595 /* HikingApp.swift in Sources */,
				2C6CDE9529DA4573005471AD /* Hike.swift in Sources */,
			);
			runOnlyForDeploymentPostprocessing = 0;
		};
		2C72F20329D90AEF00990595 /* Sources */ = {
			isa = PBXSourcesBuildPhase;
			buildActionMask = 2147483647;
			files = (
				2C72F20C29D90AEF00990595 /* HikingTests.swift in Sources */,
			);
			runOnlyForDeploymentPostprocessing = 0;
		};
		2C72F20D29D90AEF00990595 /* Sources */ = {
			isa = PBXSourcesBuildPhase;
			buildActionMask = 2147483647;
			files = (
				2C72F21829D90AEF00990595 /* HikingUITestsLaunchTests.swift in Sources */,
				2C72F21629D90AEF00990595 /* HikingUITests.swift in Sources */,
			);
			runOnlyForDeploymentPostprocessing = 0;
		};
/* End PBXSourcesBuildPhase section */

/* Begin PBXTargetDependency section */
		2C72F20929D90AEF00990595 /* PBXTargetDependency */ = {
			isa = PBXTargetDependency;
			target = 2C72F1F629D90AEC00990595 /* Hiking */;
			targetProxy = 2C72F20829D90AEF00990595 /* PBXContainerItemProxy */;
		};
		2C72F21329D90AEF00990595 /* PBXTargetDependency */ = {
			isa = PBXTargetDependency;
			target = 2C72F1F629D90AEC00990595 /* Hiking */;
			targetProxy = 2C72F21229D90AEF00990595 /* PBXContainerItemProxy */;
		};
/* End PBXTargetDependency section */

/* Begin XCBuildConfiguration section */
		2C72F21929D90AEF00990595 /* Debug */ = {
			isa = XCBuildConfiguration;
			buildSettings = {
				ALWAYS_SEARCH_USER_PATHS = NO;
				CLANG_ANALYZER_NONNULL = YES;
				CLANG_ANALYZER_NUMBER_OBJECT_CONVERSION = YES_AGGRESSIVE;
				CLANG_CXX_LANGUAGE_STANDARD = "gnu++20";
				CLANG_ENABLE_MODULES = YES;
				CLANG_ENABLE_OBJC_ARC = YES;
				CLANG_ENABLE_OBJC_WEAK = YES;
				CLANG_WARN_BLOCK_CAPTURE_AUTORELEASING = YES;
				CLANG_WARN_BOOL_CONVERSION = YES;
				CLANG_WARN_COMMA = YES;
				CLANG_WARN_CONSTANT_CONVERSION = YES;
				CLANG_WARN_DEPRECATED_OBJC_IMPLEMENTATIONS = YES;
				CLANG_WARN_DIRECT_OBJC_ISA_USAGE = YES_ERROR;
				CLANG_WARN_DOCUMENTATION_COMMENTS = YES;
				CLANG_WARN_EMPTY_BODY = YES;
				CLANG_WARN_ENUM_CONVERSION = YES;
				CLANG_WARN_INFINITE_RECURSION = YES;
				CLANG_WARN_INT_CONVERSION = YES;
				CLANG_WARN_NON_LITERAL_NULL_CONVERSION = YES;
				CLANG_WARN_OBJC_IMPLICIT_RETAIN_SELF = YES;
				CLANG_WARN_OBJC_LITERAL_CONVERSION = YES;
				CLANG_WARN_OBJC_ROOT_CLASS = YES_ERROR;
				CLANG_WARN_QUOTED_INCLUDE_IN_FRAMEWORK_HEADER = YES;
				CLANG_WARN_RANGE_LOOP_ANALYSIS = YES;
				CLANG_WARN_STRICT_PROTOTYPES = YES;
				CLANG_WARN_SUSPICIOUS_MOVE = YES;
				CLANG_WARN_UNGUARDED_AVAILABILITY = YES_AGGRESSIVE;
				CLANG_WARN_UNREACHABLE_CODE = YES;
				CLANG_WARN__DUPLICATE_METHOD_MATCH = YES;
				COPY_PHASE_STRIP = NO;
				DEBUG_INFORMATION_FORMAT = dwarf;
				ENABLE_STRICT_OBJC_MSGSEND = YES;
				ENABLE_TESTABILITY = YES;
				GCC_C_LANGUAGE_STANDARD = gnu11;
				GCC_DYNAMIC_NO_PIC = NO;
				GCC_NO_COMMON_BLOCKS = YES;
				GCC_OPTIMIZATION_LEVEL = 0;
				GCC_PREPROCESSOR_DEFINITIONS = (
					"DEBUG=1",
					"$(inherited)",
				);
				GCC_WARN_64_TO_32_BIT_CONVERSION = YES;
				GCC_WARN_ABOUT_RETURN_TYPE = YES_ERROR;
				GCC_WARN_UNDECLARED_SELECTOR = YES;
				GCC_WARN_UNINITIALIZED_AUTOS = YES_AGGRESSIVE;
				GCC_WARN_UNUSED_FUNCTION = YES;
				GCC_WARN_UNUSED_VARIABLE = YES;
				IPHONEOS_DEPLOYMENT_TARGET = 16.2;
				MTL_ENABLE_DEBUG_INFO = INCLUDE_SOURCE;
				MTL_FAST_MATH = YES;
				ONLY_ACTIVE_ARCH = YES;
				SDKROOT = iphoneos;
				SWIFT_ACTIVE_COMPILATION_CONDITIONS = DEBUG;
				SWIFT_OPTIMIZATION_LEVEL = "-Onone";
			};
			name = Debug;
		};
		2C72F21A29D90AEF00990595 /* Release */ = {
			isa = XCBuildConfiguration;
			buildSettings = {
				ALWAYS_SEARCH_USER_PATHS = NO;
				CLANG_ANALYZER_NONNULL = YES;
				CLANG_ANALYZER_NUMBER_OBJECT_CONVERSION = YES_AGGRESSIVE;
				CLANG_CXX_LANGUAGE_STANDARD = "gnu++20";
				CLANG_ENABLE_MODULES = YES;
				CLANG_ENABLE_OBJC_ARC = YES;
				CLANG_ENABLE_OBJC_WEAK = YES;
				CLANG_WARN_BLOCK_CAPTURE_AUTORELEASING = YES;
				CLANG_WARN_BOOL_CONVERSION = YES;
				CLANG_WARN_COMMA = YES;
				CLANG_WARN_CONSTANT_CONVERSION = YES;
				CLANG_WARN_DEPRECATED_OBJC_IMPLEMENTATIONS = YES;
				CLANG_WARN_DIRECT_OBJC_ISA_USAGE = YES_ERROR;
				CLANG_WARN_DOCUMENTATION_COMMENTS = YES;
				CLANG_WARN_EMPTY_BODY = YES;
				CLANG_WARN_ENUM_CONVERSION = YES;
				CLANG_WARN_INFINITE_RECURSION = YES;
				CLANG_WARN_INT_CONVERSION = YES;
				CLANG_WARN_NON_LITERAL_NULL_CONVERSION = YES;
				CLANG_WARN_OBJC_IMPLICIT_RETAIN_SELF = YES;
				CLANG_WARN_OBJC_LITERAL_CONVERSION = YES;
				CLANG_WARN_OBJC_ROOT_CLASS = YES_ERROR;
				CLANG_WARN_QUOTED_INCLUDE_IN_FRAMEWORK_HEADER = YES;
				CLANG_WARN_RANGE_LOOP_ANALYSIS = YES;
				CLANG_WARN_STRICT_PROTOTYPES = YES;
				CLANG_WARN_SUSPICIOUS_MOVE = YES;
				CLANG_WARN_UNGUARDED_AVAILABILITY = YES_AGGRESSIVE;
				CLANG_WARN_UNREACHABLE_CODE = YES;
				CLANG_WARN__DUPLICATE_METHOD_MATCH = YES;
				COPY_PHASE_STRIP = NO;
				DEBUG_INFORMATION_FORMAT = "dwarf-with-dsym";
				ENABLE_NS_ASSERTIONS = NO;
				ENABLE_STRICT_OBJC_MSGSEND = YES;
				GCC_C_LANGUAGE_STANDARD = gnu11;
				GCC_NO_COMMON_BLOCKS = YES;
				GCC_WARN_64_TO_32_BIT_CONVERSION = YES;
				GCC_WARN_ABOUT_RETURN_TYPE = YES_ERROR;
				GCC_WARN_UNDECLARED_SELECTOR = YES;
				GCC_WARN_UNINITIALIZED_AUTOS = YES_AGGRESSIVE;
				GCC_WARN_UNUSED_FUNCTION = YES;
				GCC_WARN_UNUSED_VARIABLE = YES;
				IPHONEOS_DEPLOYMENT_TARGET = 16.2;
				MTL_ENABLE_DEBUG_INFO = NO;
				MTL_FAST_MATH = YES;
				SDKROOT = iphoneos;
				SWIFT_COMPILATION_MODE = wholemodule;
				SWIFT_OPTIMIZATION_LEVEL = "-O";
				VALIDATE_PRODUCT = YES;
			};
			name = Release;
		};
		2C72F21C29D90AEF00990595 /* Debug */ = {
			isa = XCBuildConfiguration;
			buildSettings = {
				ASSETCATALOG_COMPILER_APPICON_NAME = AppIcon;
				ASSETCATALOG_COMPILER_GLOBAL_ACCENT_COLOR_NAME = AccentColor;
				CODE_SIGN_STYLE = Automatic;
				CURRENT_PROJECT_VERSION = 1;
				DEVELOPMENT_ASSET_PATHS = "\"Hiking/Preview Content\"";
				DEVELOPMENT_TEAM = 79X64CRQXT;
				ENABLE_PREVIEWS = YES;
				GENERATE_INFOPLIST_FILE = YES;
				INFOPLIST_KEY_UIApplicationSceneManifest_Generation = YES;
				INFOPLIST_KEY_UIApplicationSupportsIndirectInputEvents = YES;
				INFOPLIST_KEY_UILaunchScreen_Generation = YES;
				INFOPLIST_KEY_UISupportedInterfaceOrientations_iPad = "UIInterfaceOrientationPortrait UIInterfaceOrientationPortraitUpsideDown UIInterfaceOrientationLandscapeLeft UIInterfaceOrientationLandscapeRight";
				INFOPLIST_KEY_UISupportedInterfaceOrientations_iPhone = "UIInterfaceOrientationPortrait UIInterfaceOrientationLandscapeLeft UIInterfaceOrientationLandscapeRight";
				LD_RUNPATH_SEARCH_PATHS = (
					"$(inherited)",
					"@executable_path/Frameworks",
				);
				MARKETING_VERSION = 1.0;
				PRODUCT_BUNDLE_IDENTIFIER = com.MarcusKim.Hiking;
				PRODUCT_NAME = "$(TARGET_NAME)";
				SWIFT_EMIT_LOC_STRINGS = YES;
				SWIFT_VERSION = 5.0;
				TARGETED_DEVICE_FAMILY = "1,2";
			};
			name = Debug;
		};
		2C72F21D29D90AEF00990595 /* Release */ = {
			isa = XCBuildConfiguration;
			buildSettings = {
				ASSETCATALOG_COMPILER_APPICON_NAME = AppIcon;
				ASSETCATALOG_COMPILER_GLOBAL_ACCENT_COLOR_NAME = AccentColor;
				CODE_SIGN_STYLE = Automatic;
				CURRENT_PROJECT_VERSION = 1;
				DEVELOPMENT_ASSET_PATHS = "\"Hiking/Preview Content\"";
				DEVELOPMENT_TEAM = 79X64CRQXT;
				ENABLE_PREVIEWS = YES;
				GENERATE_INFOPLIST_FILE = YES;
				INFOPLIST_KEY_UIApplicationSceneManifest_Generation = YES;
				INFOPLIST_KEY_UIApplicationSupportsIndirectInputEvents = YES;
				INFOPLIST_KEY_UILaunchScreen_Generation = YES;
				INFOPLIST_KEY_UISupportedInterfaceOrientations_iPad = "UIInterfaceOrientationPortrait UIInterfaceOrientationPortraitUpsideDown UIInterfaceOrientationLandscapeLeft UIInterfaceOrientationLandscapeRight";
				INFOPLIST_KEY_UISupportedInterfaceOrientations_iPhone = "UIInterfaceOrientationPortrait UIInterfaceOrientationLandscapeLeft UIInterfaceOrientationLandscapeRight";
				LD_RUNPATH_SEARCH_PATHS = (
					"$(inherited)",
					"@executable_path/Frameworks",
				);
				MARKETING_VERSION = 1.0;
				PRODUCT_BUNDLE_IDENTIFIER = com.MarcusKim.Hiking;
				PRODUCT_NAME = "$(TARGET_NAME)";
				SWIFT_EMIT_LOC_STRINGS = YES;
				SWIFT_VERSION = 5.0;
				TARGETED_DEVICE_FAMILY = "1,2";
			};
			name = Release;
		};
		2C72F21F29D90AEF00990595 /* Debug */ = {
			isa = XCBuildConfiguration;
			buildSettings = {
				ALWAYS_EMBED_SWIFT_STANDARD_LIBRARIES = YES;
				BUNDLE_LOADER = "$(TEST_HOST)";
				CODE_SIGN_STYLE = Automatic;
				CURRENT_PROJECT_VERSION = 1;
				DEVELOPMENT_TEAM = 79X64CRQXT;
				GENERATE_INFOPLIST_FILE = YES;
				IPHONEOS_DEPLOYMENT_TARGET = 16.2;
				MARKETING_VERSION = 1.0;
				PRODUCT_BUNDLE_IDENTIFIER = com.MarcusKim.HikingTests;
				PRODUCT_NAME = "$(TARGET_NAME)";
				SWIFT_EMIT_LOC_STRINGS = NO;
				SWIFT_VERSION = 5.0;
				TARGETED_DEVICE_FAMILY = "1,2";
				TEST_HOST = "$(BUILT_PRODUCTS_DIR)/Hiking.app/$(BUNDLE_EXECUTABLE_FOLDER_PATH)/Hiking";
			};
			name = Debug;
		};
		2C72F22029D90AEF00990595 /* Release */ = {
			isa = XCBuildConfiguration;
			buildSettings = {
				ALWAYS_EMBED_SWIFT_STANDARD_LIBRARIES = YES;
				BUNDLE_LOADER = "$(TEST_HOST)";
				CODE_SIGN_STYLE = Automatic;
				CURRENT_PROJECT_VERSION = 1;
				DEVELOPMENT_TEAM = 79X64CRQXT;
				GENERATE_INFOPLIST_FILE = YES;
				IPHONEOS_DEPLOYMENT_TARGET = 16.2;
				MARKETING_VERSION = 1.0;
				PRODUCT_BUNDLE_IDENTIFIER = com.MarcusKim.HikingTests;
				PRODUCT_NAME = "$(TARGET_NAME)";
				SWIFT_EMIT_LOC_STRINGS = NO;
				SWIFT_VERSION = 5.0;
				TARGETED_DEVICE_FAMILY = "1,2";
				TEST_HOST = "$(BUILT_PRODUCTS_DIR)/Hiking.app/$(BUNDLE_EXECUTABLE_FOLDER_PATH)/Hiking";
			};
			name = Release;
		};
		2C72F22229D90AEF00990595 /* Debug */ = {
			isa = XCBuildConfiguration;
			buildSettings = {
				ALWAYS_EMBED_SWIFT_STANDARD_LIBRARIES = YES;
				CODE_SIGN_STYLE = Automatic;
				CURRENT_PROJECT_VERSION = 1;
				DEVELOPMENT_TEAM = 79X64CRQXT;
				GENERATE_INFOPLIST_FILE = YES;
				MARKETING_VERSION = 1.0;
				PRODUCT_BUNDLE_IDENTIFIER = com.MarcusKim.HikingUITests;
				PRODUCT_NAME = "$(TARGET_NAME)";
				SWIFT_EMIT_LOC_STRINGS = NO;
				SWIFT_VERSION = 5.0;
				TARGETED_DEVICE_FAMILY = "1,2";
				TEST_TARGET_NAME = Hiking;
			};
			name = Debug;
		};
		2C72F22329D90AEF00990595 /* Release */ = {
			isa = XCBuildConfiguration;
			buildSettings = {
				ALWAYS_EMBED_SWIFT_STANDARD_LIBRARIES = YES;
				CODE_SIGN_STYLE = Automatic;
				CURRENT_PROJECT_VERSION = 1;
				DEVELOPMENT_TEAM = 79X64CRQXT;
				GENERATE_INFOPLIST_FILE = YES;
				MARKETING_VERSION = 1.0;
				PRODUCT_BUNDLE_IDENTIFIER = com.MarcusKim.HikingUITests;
				PRODUCT_NAME = "$(TARGET_NAME)";
				SWIFT_EMIT_LOC_STRINGS = NO;
				SWIFT_VERSION = 5.0;
				TARGETED_DEVICE_FAMILY = "1,2";
				TEST_TARGET_NAME = Hiking;
			};
			name = Release;
		};
/* End XCBuildConfiguration section */

/* Begin XCConfigurationList section */
		2C72F1F229D90AEC00990595 /* Build configuration list for PBXProject "Hiking" */ = {
			isa = XCConfigurationList;
			buildConfigurations = (
				2C72F21929D90AEF00990595 /* Debug */,
				2C72F21A29D90AEF00990595 /* Release */,
			);
			defaultConfigurationIsVisible = 0;
			defaultConfigurationName = Release;
		};
		2C72F21B29D90AEF00990595 /* Build configuration list for PBXNativeTarget "Hiking" */ = {
			isa = XCConfigurationList;
			buildConfigurations = (
				2C72F21C29D90AEF00990595 /* Debug */,
				2C72F21D29D90AEF00990595 /* Release */,
			);
			defaultConfigurationIsVisible = 0;
			defaultConfigurationName = Release;
		};
		2C72F21E29D90AEF00990595 /* Build configuration list for PBXNativeTarget "HikingTests" */ = {
			isa = XCConfigurationList;
			buildConfigurations = (
				2C72F21F29D90AEF00990595 /* Debug */,
				2C72F22029D90AEF00990595 /* Release */,
			);
			defaultConfigurationIsVisible = 0;
			defaultConfigurationName = Release;
		};
		2C72F22129D90AEF00990595 /* Build configuration list for PBXNativeTarget "HikingUITests" */ = {
			isa = XCConfigurationList;
			buildConfigurations = (
				2C72F22229D90AEF00990595 /* Debug */,
				2C72F22329D90AEF00990595 /* Release */,
			);
			defaultConfigurationIsVisible = 0;
			defaultConfigurationName = Release;
		};
/* End XCConfigurationList section */
	};
	rootObject = 2C72F1EF29D90AEC00990595 /* Project object */;
}
